
Microsoft Visual Studio Solution File, Format Version 12.00
# Visual Studio 15
VisualStudioVersion = 15.0.28307.168
MinimumVisualStudioVersion = 10.0.40219.1
Project("{FAE04EC0-301F-11D3-BF4B-00C04F79EFBC}") = "ExpenseTracker", "ExpenseTracker\ExpenseTracker.csproj", "{9EC7E105-022F-4DA8-8298-0178C54ED2C1}"
EndProject
Project("{FAE04EC0-301F-11D3-BF4B-00C04F79EFBC}") = "ExpenseTracker.IntegrationTests", "ExpenseTracker.IntegrationTests\ExpenseTracker.IntegrationTests.csproj", "{D76AD8E8-CBFF-4FBE-9CD9-665D2F6E9532}"
EndProject
Project("{FAE04EC0-301F-11D3-BF4B-00C04F79EFBC}") = "ExpenseTracker.UnitTesting", "ExpenseTracker.UnitTesting\ExpenseTracker.UnitTesting.csproj", "{8BEDA3D6-D1F4-481E-8C8B-24BD31ADE30C}"
EndProject
Project("{FAE04EC0-301F-11D3-BF4B-00C04F79EFBC}") = "ExpenseTracker.AuthApi", "ExpenseTracker.AuthApi\ExpenseTracker.AuthApi.csproj", "{4FF84545-B322-412D-91E4-44B80B4B4EE2}"
EndProject
Global
	GlobalSection(SolutionConfigurationPlatforms) = preSolution
		Debug|Any CPU = Debug|Any CPU
		Release|Any CPU = Release|Any CPU
	EndGlobalSection
	GlobalSection(ProjectConfigurationPlatforms) = postSolution
		{9EC7E105-022F-4DA8-8298-0178C54ED2C1}.Debug|Any CPU.ActiveCfg = Debug|Any CPU
		{9EC7E105-022F-4DA8-8298-0178C54ED2C1}.Debug|Any CPU.Build.0 = Debug|Any CPU
		{9EC7E105-022F-4DA8-8298-0178C54ED2C1}.Release|Any CPU.ActiveCfg = Release|Any CPU
		{9EC7E105-022F-4DA8-8298-0178C54ED2C1}.Release|Any CPU.Build.0 = Release|Any CPU
		{D76AD8E8-CBFF-4FBE-9CD9-665D2F6E9532}.Debug|Any CPU.ActiveCfg = Debug|Any CPU
		{D76AD8E8-CBFF-4FBE-9CD9-665D2F6E9532}.Debug|Any CPU.Build.0 = Debug|Any CPU
		{D76AD8E8-CBFF-4FBE-9CD9-665D2F6E9532}.Release|Any CPU.ActiveCfg = Release|Any CPU
		{D76AD8E8-CBFF-4FBE-9CD9-665D2F6E9532}.Release|Any CPU.Build.0 = Release|Any CPU
		{8BEDA3D6-D1F4-481E-8C8B-24BD31ADE30C}.Debug|Any CPU.ActiveCfg = Debug|Any CPU
		{8BEDA3D6-D1F4-481E-8C8B-24BD31ADE30C}.Debug|Any CPU.Build.0 = Debug|Any CPU
		{8BEDA3D6-D1F4-481E-8C8B-24BD31ADE30C}.Release|Any CPU.ActiveCfg = Release|Any CPU
		{8BEDA3D6-D1F4-481E-8C8B-24BD31ADE30C}.Release|Any CPU.Build.0 = Release|Any CPU
		{4FF84545-B322-412D-91E4-44B80B4B4EE2}.Debug|Any CPU.ActiveCfg = Debug|Any CPU
		{4FF84545-B322-412D-91E4-44B80B4B4EE2}.Debug|Any CPU.Build.0 = Debug|Any CPU
		{4FF84545-B322-412D-91E4-44B80B4B4EE2}.Release|Any CPU.ActiveCfg = Release|Any CPU
		{4FF84545-B322-412D-91E4-44B80B4B4EE2}.Release|Any CPU.Build.0 = Release|Any CPU
	EndGlobalSection
	GlobalSection(SolutionProperties) = preSolution
		HideSolutionNode = FALSE
	EndGlobalSection
	GlobalSection(ExtensibilityGlobals) = postSolution
		SolutionGuid = {C627AFE4-D35C-4E5D-B249-437455CBBFB3}
	EndGlobalSection
EndGlobal
